
Microsoft Visual Studio Solution File, Format Version 12.00
# Visual Studio Version 16
VisualStudioVersion = 16.0.31424.327
MinimumVisualStudioVersion = 10.0.40219.1
Project("{FAE04EC0-301F-11D3-BF4B-00C04F79EFBC}") = "ProductReviewManagement", "ProductReviewManagement.csproj", "{34281D67-223D-4E05-9BD3-1DC04C423FDE}"
EndProject
Global
	GlobalSection(SolutionConfigurationPlatforms) = preSolution
		Debug|Any CPU = Debug|Any CPU
		Release|Any CPU = Release|Any CPU
	EndGlobalSection
	GlobalSection(ProjectConfigurationPlatforms) = postSolution
		{34281D67-223D-4E05-9BD3-1DC04C423FDE}.Debug|Any CPU.ActiveCfg = Debug|Any CPU
		{34281D67-223D-4E05-9BD3-1DC04C423FDE}.Debug|Any CPU.Build.0 = Debug|Any CPU
		{34281D67-223D-4E05-9BD3-1DC04C423FDE}.Release|Any CPU.ActiveCfg = Release|Any CPU
		{34281D67-223D-4E05-9BD3-1DC04C423FDE}.Release|Any CPU.Build.0 = Release|Any CPU
	EndGlobalSection
	GlobalSection(SolutionProperties) = preSolution
		HideSolutionNode = FALSE
	EndGlobalSection
	GlobalSection(ExtensibilityGlobals) = postSolution
		SolutionGuid = {B13A126B-729C-4DA3-B625-C70F7DBD226A}
	EndGlobalSection
EndGlobal
